{
    "_readme": [
        "This file locks the dependencies of your project to a known state",
        "Read more about it at https://getcomposer.org/doc/01-basic-usage.md#installing-dependencies",
        "This file is @generated automatically"
    ],
    "content-hash": "8e951b300b12d74cb612d11efc5358eb",
    "packages": [
        {
            "name": "webonyx/graphql-php",
            "version": "v15.4.0",
            "source": {
                "type": "git",
                "url": "https://github.com/webonyx/graphql-php.git",
                "reference": "99290f7945a5b39ad823f7600fa196de62597e9d"
            },
            "dist": {
                "type": "zip",
                "url": "https://api.github.com/repos/webonyx/graphql-php/zipball/99290f7945a5b39ad823f7600fa196de62597e9d",
                "reference": "99290f7945a5b39ad823f7600fa196de62597e9d",
                "shasum": ""
            },
            "require": {
                "ext-json": "*",
                "ext-mbstring": "*",
                "php": "^7.4 || ^8"
            },
            "require-dev": {
                "amphp/amp": "^2.6",
                "amphp/http-server": "^2.1",
                "dms/phpunit-arraysubset-asserts": "^0.4",
                "ergebnis/composer-normalize": "^2.28",
                "mll-lab/php-cs-fixer-config": "^5.0",
                "nyholm/psr7": "^1.5",
                "phpbench/phpbench": "^1.2",
                "phpstan/extension-installer": "^1.1",
                "phpstan/phpstan": "1.10.15",
                "phpstan/phpstan-phpunit": "1.3.11",
                "phpstan/phpstan-strict-rules": "1.5.1",
                "phpunit/phpunit": "^9.5",
                "psr/http-message": "^1 || ^2",
                "react/http": "^1.6",
                "react/promise": "^2.9",
                "rector/rector": "^0.16.0",
                "symfony/polyfill-php81": "^1.23",
                "symfony/var-exporter": "^5 || ^6",
                "thecodingmachine/safe": "^1.3 || ^2"
            },
            "suggest": {
                "amphp/http-server": "To leverage async resolving with webserver on AMPHP platform",
                "psr/http-message": "To use standard GraphQL server",
                "react/promise": "To leverage async resolving on React PHP platform"
            },
            "type": "library",
            "autoload": {
                "psr-4": {
                    "GraphQL\\": "src/"
                }
            },
            "notification-url": "https://packagist.org/downloads/",
            "license": [
                "MIT"
            ],
            "description": "A PHP port of GraphQL reference implementation",
            "homepage": "https://github.com/webonyx/graphql-php",
            "keywords": [
                "api",
                "graphql"
            ],
            "support": {
                "issues": "https://github.com/webonyx/graphql-php/issues",
                "source": "https://github.com/webonyx/graphql-php/tree/v15.4.0"
            },
            "funding": [
                {
                    "url": "https://opencollective.com/webonyx-graphql-php",
                    "type": "open_collective"
                }
            ],
            "time": "2023-05-11T10:26:08+00:00"
        }
    ],
    "packages-dev": [],
    "aliases": [],
    "minimum-stability": "stable",
    "stability-flags": [],
    "prefer-stable": false,
    "prefer-lowest": false,
    "platform": {
        "php": "~8.1.0 || ~8.2.0"
    },
    "platform-dev": [],
    "plugin-api-version": "2.3.0"
}
